
Microsoft Visual Studio Solution File, Format Version 12.00
# Visual Studio Version 17
VisualStudioVersion = 17.10.35122.118
MinimumVisualStudioVersion = 10.0.40219.1
Project("{FAE04EC0-301F-11D3-BF4B-00C04F79EFBC}") = "MathGame", "MathGame\MathGame.csproj", "{0936048C-66E3-447B-870E-449EFB9B0264}"
EndProject
Global
	GlobalSection(SolutionConfigurationPlatforms) = preSolution
		Debug|Any CPU = Debug|Any CPU
		Release|Any CPU = Release|Any CPU
	EndGlobalSection
	GlobalSection(ProjectConfigurationPlatforms) = postSolution
		{0936048C-66E3-447B-870E-449EFB9B0264}.Debug|Any CPU.ActiveCfg = Debug|Any CPU
		{0936048C-66E3-447B-870E-449EFB9B0264}.Debug|Any CPU.Build.0 = Debug|Any CPU
		{0936048C-66E3-447B-870E-449EFB9B0264}.Release|Any CPU.ActiveCfg = Release|Any CPU
		{0936048C-66E3-447B-870E-449EFB9B0264}.Release|Any CPU.Build.0 = Release|Any CPU
	EndGlobalSection
	GlobalSection(SolutionProperties) = preSolution
		HideSolutionNode = FALSE
	EndGlobalSection
	GlobalSection(ExtensibilityGlobals) = postSolution
		SolutionGuid = {DBDA045D-05D3-472B-A67F-2B3547CF6A98}
	EndGlobalSection
EndGlobal
